
Microsoft Visual Studio Solution File, Format Version 12.00
Project("{FAE04EC0-301F-11D3-BF4B-00C04F79EFBC}") = "AdivinaPalabra", "AdivinaPalabra\AdivinaPalabra.csproj", "{487245BA-B74F-4237-91CD-13598C885A66}"
EndProject
Global
	GlobalSection(SolutionConfigurationPlatforms) = preSolution
		Debug|Any CPU = Debug|Any CPU
		Release|Any CPU = Release|Any CPU
	EndGlobalSection
	GlobalSection(ProjectConfigurationPlatforms) = postSolution
		{487245BA-B74F-4237-91CD-13598C885A66}.Debug|Any CPU.ActiveCfg = Debug|Any CPU
		{487245BA-B74F-4237-91CD-13598C885A66}.Debug|Any CPU.Build.0 = Debug|Any CPU
		{487245BA-B74F-4237-91CD-13598C885A66}.Release|Any CPU.ActiveCfg = Release|Any CPU
		{487245BA-B74F-4237-91CD-13598C885A66}.Release|Any CPU.Build.0 = Release|Any CPU
	EndGlobalSection
EndGlobal
